lockfileVersion: '9.0'

settings:
  autoInstallPeers: true
  excludeLinksFromLockfile: false

importers:

  .: {}

  packages/contracts:
    dependencies:
      yaml:
        specifier: ^2.9.1
        version: 2.9.1
      zod:
        specifier: ^4.6.5
        version: 4.6.5
    devDependencies:
      '@tanstack/react-query':
        specifier: ^5.0.0
        version: 5.103.3(react@19.3.0)
      '@types/node':
        specifier: ^26.6.3
        version: 26.6.3
      orval:
        specifier: ^8.38.0
        version: 8.38.0(@tanstack/react-query@5.103.3(react@19.3.0))(typescript@5.9.3)(zod@4.6.5)
      tsx:
        specifier: ^4.23.15
        version: 4.23.15
      typescript:
        specifier: ^5.9.3
        version: 5.9.3

packages:

  '@commander-js/extra-typings@15.0.0':
    resolution: {integrity: sha512-yeJlba62xqmkgELUsn7356MEnzLLu/fw2x4lofFqGnXh6YysRdEs2BaLeLtg1+KU0AXvMeqQvTTp+3hBEBK+EA==}
    peerDependencies:
      commander: ~15.0.0

  '@esbuild/aix-ppc64@0.28.2':
    resolution: {integrity: sha512-XExcO+dvLKvVtNTibSTBej1NCAbaGhWn9Ww1ZPx80qsahhPFe/8jgWP0IchNe0F3HwkU7n8ejhH8bjonqht8mQ==}
    engines: {node: '>=18'}
    cpu: [ppc64]
    os: [aix]

  '@esbuild/android-arm64@0.28.2':
    resolution: {integrity: sha512-5YfKeeI8qWfBZIX+u2xZC3Zlb3Os/gLS2sbEKM+I4ZOcsWmHS2WLysCcQZDAFRslDUU5Oiq44gf6PYN1vGwG5A==}
    engines: {node: '>=18'}
    cpu: [arm64]
    os: [android]

  '@esbuild/android-arm@0.28.2':
    resolution: {integrity: sha512-kXXoiPVVGQcnIYGOeaovwOURpniDBpSq4A03qkQ+BMQqtGG6HYap3xne9C1O1yo4TR3qxlCX5IqqmX6fFo2Lqg==}
    engines: {node: '>=18'}
    cpu: [arm]
    os: [android]

  '@esbuild/android-x64@0.28.2':
    resolution: {integrity: sha512-O387ite7SzUyCcy3JQX4P4bLtEA7bLLkx+esve5JHnyYfNTxcVpXZo9jhdB0lTKN44gztELTdU7nS8Nr16Fs1Q==}
    engines: {node: '>=18'}
    cpu: [x64]
    os: [android]

  '@esbuild/darwin-arm64@0.28.2':
    resolution: {integrity: sha512-n4KqkOQrraxHJcgjM1RvwbigfQKIKJVpM7xp+KsxiyUSrRdIXnt73VhrPAx0fV44hgfmIVKjxMN9J1t5jySVkw==}
    engines: {node: '>=18'}
    cpu: [arm64]
    os: [darwin]

  '@esbuild/darwin-x64@0.28.2':
    resolution: {integrity: sha512-uq6suIWYP37qzGddBKPw5QEQPi6HiLGsO7UmkpfyaYNQ3D+rN6w6WfwH+nuqcGXWvawGwxOEroO4YGnFh95azw==}
    engines: {node: '>=18'}
    cpu: [x64]
    os: [darwin]

  '@esbuild/freebsd-arm64@0.28.2':
    resolution: {integrity: sha512-n+I0BTSRIoy+d6RPKnEVwql5UwBJolytvY4mAOIEJorKlqgPII8ix6slVVrfZ5Tnj7glIZvloylbB/EJPMWEXw==}
    engines: {node: '>=18'}
    cpu: [arm64]
    os: [freebsd]

  '@esbuild/freebsd-x64@0.28.2':
    resolution: {integrity: sha512-78XJTJkvPs0kz2w61301PJjXl4g7q3JqiYMZ/M/yVI73EHBrCRTgkhu9oqG7vPqq+a/yadEW8aD+agKlk5xrmg==}
    engines: {node: '>=18'}
    cpu: [x64]
    os: [freebsd]

  '@esbuild/linux-arm64@0.28.2':
    resolution: {integrity: sha512-pW4AC0P3it8c7do9MVM4p51FzHzdM/TZrerurgRcHJ2WTa1VQ1CIq18xncfpBJw4ojkiZZrKW2yIBWBP92j6Ug==}
    engines: {node: '>=18'}
    cpu: [arm64]
    os: [linux]

  '@esbuild/linux-arm@0.28.2':
    resolution: {integrity: sha512-XlDnu2q5yoqems+xay6wSAcg9DDD7K9RLKZEBOMZm3ckNpJBvOX20tSfby8KfrrhINDyv9V2YVZKY/SpoGJI8w==}
    engines: {node: '>=18'}
    cpu: [arm]
    os: [linux]

  '@esbuild/linux-ia32@0.28.2':
    resolution: {integrity: sha512-CYbnj78HsIeA+DhgUKgFCfvNsTHFhMMrinUrMZpDXJXKN8T3XViTZ/+wtHeVxEWY8ewSzTFN+nRmSwO2tZaLUQ==}
    engines: {node: '>=18'}
    cpu: [ia32]
    os: [linux]

  '@esbuild/linux-loong64@0.28.2':
    resolution: {integrity: sha512-buwkd8nsph4R+ajRvw0qM5Hja/TXQow3ptzWO2EbG/cqcIkHloRrdlBtQlshyYGTNFvfkfJ5tpPLVkY4DtsPfQ==}
    engines: {node: '>=18'}
    cpu: [loong64]
    os: [linux]

  '@esbuild/linux-mips64el@0.28.2':
    resolution: {integrity: sha512-ZVykbDyk7519VwiNb9Lcj9m8XM6v5V9uKPvrEMkkEedVewf+0itkhahp4HDpgERXhwLRpWFypsGbG/J8s0QjJA==}
    engines: {node: '>=18'}
    cpu: [mips64el]
    os: [linux]

  '@esbuild/linux-ppc64@0.28.2':
    resolution: {integrity: sha512-CAXl+Dtd9UUuJd8pKKdwh6MLm3MUMiqMPmhZ3tTSXPqfyQ3vDl6R5hZdZ/kYojK4ofXtdfSv1tFq8XzWx3heNQ==}
    engines: {node: '>=18'}
    cpu: [ppc64]
    os: [linux]

  '@esbuild/linux-riscv64@0.28.2':
    resolution: {integrity: sha512-GeXCej4IQtU1B+QlDV8W/RRvbzI3O/Stss+/bCXv4lZls5WGRtu2a+3JkA3i4qIUlMXpcHebWpF8AkJhATowuA==}
    engines: {node: '>=18'}
    cpu: [riscv64]
    os: [linux]

  '@esbuild/linux-s390x@0.28.2':
    resolution: {integrity: sha512-3H1weTYZPxt/WOhByszQZybS9w5lKzUn1FDMsgEChbHWQwHYQQRfBxgCcZvPhjHfKyJjIievvMmEUawJrdY9Dg==}
    engines: {node: '>=18'}
    cpu: [s390x]
    os: [linux]

  '@esbuild/linux-x64@0.28.2':
    resolution: {integrity: sha512-4xTZr1FUmSoQW4XIWmit3tzQrUTZM+N3P0XV8xROKYF50XfI7xeO90+1bZvNwxIufQ9hDQVRJH5YhgPVF8A/HQ==}
    engines: {node: '>=18'}
    cpu: [x64]
    os: [linux]

  '@esbuild/netbsd-arm64@0.28.2':
    resolution: {integrity: sha512-sSATRjPeDBg3pdgHoQfoYBob11Kk1FGa9lui5RIHZCoCkJa9QKlvl3/vKz2usCmYYjs7ymJR/2Nnsqe+Hjt5nw==}
    engines: {node: '>=18'}
    cpu: [arm64]
    os: [netbsd]

  '@esbuild/netbsd-x64@0.28.2':
    resolution: {integrity: sha512-lqnzCV+mM0gIADaKihiCg6ifgfU2L3h5E33rNQBN1Y4MaVGnzryzmvvf7UHxprpQdE8hpqLolJ9Rl+SkIRDpyw==}
    engines: {node: '>=18'}
    cpu: [x64]
    os: [netbsd]

  '@esbuild/openbsd-arm64@0.28.2':
    resolution: {integrity: sha512-AL2qJILH7lNjrDmCQDvdxMfAUIv8KMNZOvrwAQ8i8//ntL9FflhOyMJ8OZSMBb8/AWXe3/5v5S20y3zCoZWKoQ==}
    engines: {node: '>=18'}
    cpu: [arm64]
    os: [openbsd]

  '@esbuild/openbsd-x64@0.28.2':
    resolution: {integrity: sha512-QtiuPytchRyC4rwUKhexJdQKvDuZ6hWloi3igqPQNUJCS1/v9EiO3UTOXR6A3FoMo4fnAKbWJdqaIwhOzh8qEw==}
    engines: {node: '>=18'}
    cpu: [x64]
    os: [openbsd]

  '@esbuild/openharmony-arm64@0.28.2':
    resolution: {integrity: sha512-WkhYDmpTjLvGlScA1rwjRUmhl4k8oXR3cIbtqWmELgU/dFeHHlEllxDvdWcNJV9rbzCexB5vz8gtNewWLgCT7Q==}
    engines: {node: '>=18'}
    cpu: [arm64]
    os: [openharmony]

  '@esbuild/sunos-x64@0.28.2':
    resolution: {integrity: sha512-GPMSkTOtMnv2U2F8gxe4Io6qmVs+YKyp832Etqqxr0hFngmXQ3rzwytelm3GIn7T4VviRUlf3sOgBOiTdvaf7g==}
    engines: {node: '>=18'}
    cpu: [x64]
    os: [sunos]

  '@esbuild/win32-arm64@0.28.2':
    resolution: {integrity: sha512-PIhhEkE9uPBleRBrQEJpUn7MBnibZzbGzYWPmY3x+YoVg/95zbjB4CxPPOQ8l5tYYM4mMaCthF8/1DIfBQQyWQ==}
    engines: {node: '>=18'}
    cpu: [arm64]
    os: [win32]

  '@esbuild/win32-ia32@0.28.2':
    resolution: {integrity: sha512-YmJbfTlvU7Sdn9BB+4PRES4oB6pxgS37MAONj+hBr/cpXS1aBPKXxNnDbu+QCWPj0o9dgyxeq79g6c5P8KeuYA==}
    engines: {node: '>=18'}
    cpu: [ia32]
    os: [win32]

  '@esbuild/win32-x64@0.28.2':
    resolution: {integrity: sha512-5ebpxr3nWMzrL/rnUI755Jkuee0bHL/Gq0WTF9lvcpv73wAp5eu8MfBUgWK9bhWvZjj7yX8etf/8tI8Ney695g==}
    engines: {node: '>=18'}
    cpu: [x64]
    os: [win32]

  '@orval/angular@8.38.0':
    resolution: {integrity: sha512-1ywkZY5bleynDqi3KGXfMdXaMh1+WnLGeJtYiKmo00kaZr606wFovFY0Nh35kqljrLzM0bVb5U1e/tIiFk734Q==}

  '@orval/axios@8.38.0':
    resolution: {integrity: sha512-ldQtZ2g+QilI/Y0cBkpXITfC3QaNUTKgOZGKx7MIThNy75ipW6TlOEk8Rh8qWqa7CGU78XW1Qdhne3kaa0zSVA==}

  '@orval/core@8.38.0':
    resolution: {integrity: sha512-ZQCYpFZSmquFuvGN52mJi2j7kFEijiqCVP1gLhYz6aaiBa16CvTVj+yXNdAf6XAPIRQn2pw+MBrcaOLx4YT5yA==}
    peerDependencies:
      '@faker-js/faker': '>=8'
    peerDependenciesMeta:
      '@faker-js/faker':
        optional: true

  '@orval/effect@8.38.0':
    resolution: {integrity: sha512-mpWfLzYx1pZCVJ9F6+Y1v7x15+zd7RaqUF7pfxveYx/819BbUfIMUyBfpe/hbq+vQeWmB/xGVQnyjeRyuhBviA==}
    peerDependencies:
      effect: '>=3'
    peerDependenciesMeta:
      effect:
        optional: true

  '@orval/fetch@8.38.0':
    resolution: {integrity: sha512-eMav/Z+uy+m/0tbURH6EUWsDgqKX/g3Fp6PmerFYIKXLoTFRBf11KVvULzvflfh1UzpFPN8AX9477sdjesOTxA==}

  '@orval/hono@8.38.0':
    resolution: {integrity: sha512-8w35tfxYjXe2GwSfXXxcw7TEzdm3DSNntqWRGJLhMvHkKEj1rFpnFELSggg7Tr+L2FuCrzVNucNeUN3dH6WG6Q==}
    peerDependencies:
      typescript: '>=5'
    peerDependenciesMeta:
      typescript:
        optional: true

  '@orval/mcp@8.38.0':
    resolution: {integrity: sha512-I2iMlHLtI4wAOWiRz75yZK/3xl4tc9WHKUHT4u6cTaVlCrwQPyMhT0p1xlOtWGKKNdp12ak5c3s6BNdFXfZZRg==}
    peerDependencies:
      '@modelcontextprotocol/sdk': '>=1'
    peerDependenciesMeta:
      '@modelcontextprotocol/sdk':
        optional: true

  '@orval/mock@8.38.0':
    resolution: {integrity: sha512-rpAGX6c8RK5u58hWIhbre9fyFJi4jPXZljTa9wxo2PmqduZADWa/VGXstrplr4Jw+Ecnf1a9n1PmAJVRhcwdxg==}
    peerDependencies:
      '@faker-js/faker': '>=8'
      msw: '>=2'
    peerDependenciesMeta:
      '@faker-js/faker':
        optional: true
      msw:
        optional: true

  '@orval/pinia-colada@8.38.0':
    resolution: {integrity: sha512-bC8OIXJCvugzMl9XyLkWXQuFigOc/7GC0o5nBLY7Mdf4aqEUNmauYC2Ig+rPKGRm8KWIlI1q1bw3zzRY1B/7xw==}
    peerDependencies:
      '@pinia/colada': ^1.4.4
    peerDependenciesMeta:
      '@pinia/colada':
        optional: true

  '@orval/query@8.38.0':
    resolution: {integrity: sha512-S08zzIYAw3gfeXAzBNcD8ajSVzgrzAP/1cla8+UoBsrBJfjbkK6b1ZvAa9IRHMS+dh7NrvGdMn9n9RYSezhuPQ==}
    peerDependencies:
      '@tanstack/angular-query-experimental': '>=5'
      '@tanstack/react-query': '>=4'
      '@tanstack/solid-query': '>=4'
      '@tanstack/svelte-query': '>=4'
      '@tanstack/vue-query': '>=4'
    peerDependenciesMeta:
      '@tanstack/angular-query-experimental':
        optional: true
      '@tanstack/react-query':
        optional: true
      '@tanstack/solid-query':
        optional: true
      '@tanstack/svelte-query':
        optional: true
      '@tanstack/vue-query':
        optional: true

  '@orval/solid-start@8.38.0':
    resolution: {integrity: sha512-TD1AluXfkyWbhMWGMgtIQabxwkFR3t0dBHKqyLFpGxUzoAkxnDA64hUtUYPKZDo/eE/4/2MV7xkRQC4v+Jgb1A==}

  '@orval/swr@8.38.0':
    resolution: {integrity: sha512-P3+RZdfDLdIChCFo/xAjbNobmKqkUxfoGHBmFboPiAl2FBWcbMcDlx68ltmeQOPyijG2b3msoSi9nDznNLJCbw==}
    peerDependencies:
      swr: '>=2'
    peerDependenciesMeta:
      swr:
        optional: true

  '@orval/zod@8.38.0':
    resolution: {integrity: sha512-PJbYGgkTfbS4xcl7JKsAXrgrsc4VO6asVYPthLw34dWUAyfrI7S8iybesLzfKeXwKKtnTVmbM2rX8PNrPeABaw==}
    peerDependencies:
      zod: '>=3'
    peerDependenciesMeta:
      zod:
        optional: true

  '@scalar/helpers@0.15.0':
    resolution: {integrity: sha512-eUnaVQ1EE2YFIVrPOQxVaUiVYZjM6Yg2Oh0yUI87pyI0ilH6jOLA6wIJVWP/AXLv5WnhsfJW33xlZcztozEZ2A==}
    engines: {node: '>=22'}

  '@scalar/json-magic@0.15.2':
    resolution: {integrity: sha512-9mpHRQqy1m+6Rn8uFCzP+TUZRqZvfZhtPYYkv7zokZ2xRH40fd9TgkgOslq66cZ3tGqPTiaYU1zvwZsDrnVtEA==}
    engines: {node: '>=22'}

  '@scalar/json-schema-validator@0.1.6':
    resolution: {integrity: sha512-Jus0D1kyeJq5n0zeZO4HctayQ0TvVQtcIjNpAeyRWncdlje6Qy2usx46E6jg802M9UOB1Fx+89ci3inPID+trg==}
    engines: {node: '>=22'}

  '@scalar/openapi-parser@0.29.7':
    resolution: {integrity: sha512-Be6XkBNmjQ87QuV7gJ35GUtRv5KhFAuyA93QAgNkDZMCI9jhAs6VIl6TGbZwndFHleAR51cAfKOXNkD3CXKG6w==}
    engines: {node: '>=22'}

  '@scalar/openapi-types@0.9.7':
    resolution: {integrity: sha512-UVSgxRxcTaIbTZGtNRdQJHZC60uyYi29zfDqQVp0lxx07BNczIHbf9jycgI/+W3Uxxod+yUUt7hzxnKllOHE0w==}
    engines: {node: '>=22'}

  '@scalar/openapi-upgrader@0.4.0':
    resolution: {integrity: sha512-Qq+cOhac8xSyV2uiwiqFdwc7ctmZ1uz2n8h6oWSahUDcz9cX8PSuM5vvH+f8w5PbSyaJHVBSN4b85/jf9EfjFw==}
    engines: {node: '>=22'}

  '@scalar/openapi-validator@0.1.6':
    resolution: {integrity: sha512-I7W84sl3CL03eq1GMZfIq3QC9L2pnc1fyjGw//dgcF7DVJtP5QJQyNdXs4loCoGd6RtKx6U6iUYB+AvTOLgeZw==}
    engines: {node: '>=22'}

  '@scalar/types@0.22.1':
    resolution: {integrity: sha512-h8/oe1tG1UIPoAKETiOBtYpyoH7GW3mp4Yu3Znl1RWa2iYLWl7ZtnqJ2A+n5s7MvZEDAb33pt4W/eswB3VVr6Q==}
    engines: {node: '>=22'}

  '@sec-ant/readable-stream@0.4.1':
    resolution: {integrity: sha512-831qok9r2t8AlxLko40y2ebgSDhenenCatLVeW/uBtnHPyhHOvG0C7TvfgecV+wHzIm5KUICgzmVpWS+IMEAeg==}

  '@sindresorhus/merge-streams@4.0.0':
    resolution: {integrity: sha512-tlqY9xq5ukxTUZBmoOp+m61cqwQD5pHJtFY3Mn8CA8ps6yghLH/Hw8UPdqg4OLmFW3IFlcXnQNmo/dh8HzXYIQ==}
    engines: {node: '>=18'}

  '@tanstack/query-core@5.103.3':
    resolution: {integrity: sha512-w6gJ5Alt+s55Wuok6/aURtR3AufW3PuNjnM0b3RC1xUz3MVA0EC9j7U3texGftvtOTYWiPVvQzCZjv3Cvzwc/g==}

  '@tanstack/react-query@5.103.3':
    resolution: {integrity: sha512-QJMF0QUwJaFm6rrYAq1mlYyMsdiqd9w6gAsFSy+F+8g6/8pQrRy9u3a2yQGpSAmMO4DAZmRHwFZ8UulLaJkBmg==}
    peerDependencies:
      react: ^18 || ^19

  '@types/node@26.6.3':
    resolution: {integrity: sha512-dsqMQQoeTLqu9wynDD00q573mNzso3IdQOAfHRJqLCcmCFPoGo9A1bDpUcv/9tnKpErQWv9uKeGfl37EIS02Yg==}

  acorn@8.18.0:
    resolution: {integrity: sha512-lGq+9yr1/GuAWaVYIHRjvvySG5/4VfKIvC8EWxStPdcDh/Ka7FG3twP6v4d5BkravUilhIAsG4Qj83t02LWUPQ==}
    engines: {node: '>=0.4.0'}
    hasBin: true

  ajv-draft-04@1.0.0:
    resolution: {integrity: sha512-mv00Te6nmYbRp5DCwclxtt7yV/joXJPGS7nM+97GdxvuttCOfgI3K4U25zboyeX0O+myI8ERluxQe5wljMmVIw==}
    peerDependencies:
      ajv: ^8.5.0
    peerDependenciesMeta:
      ajv:
        optional: true

  ajv-formats@3.0.1:
    resolution: {integrity: sha512-8iUql50EUR+uUcdRQ3HDqa6EVyo3docL8g5WJ3FNcWmu62IbkGUue/pEyLBW8VGKKucTPgqeks4fIU1DA4yowQ==}
    peerDependencies:
      ajv: ^8.0.0
    peerDependenciesMeta:
      ajv:
        optional: true

  ajv@8.20.0:
    resolution: {integrity: sha512-Thbli+OlOj+iMPYFBVBfJ3OmCAnaSyNn4M1vz9T6Gka5Jt9ba/HIR56joy65tY6kx/FCF5VXNB819Y7/GUrBGA==}

  argparse@2.0.1:
    resolution: {integrity: sha512-8+9WqebbFzpX9OR+Wa6O29asIogeRMzcGtAINdpMHHyAg10f05aSFVBbcEqGf/PXw1EjAZ+q2/bEBg3DvurK3Q==}

  chokidar@5.0.0:
    resolution: {integrity: sha512-TQMmc3w+5AxjpL8iIiwebF73dRDF4fBIieAqGn9RGCWaEVwQ6Fb2cGe31Yns0RRIzii5goJ1Y7xbMwo1TxMplw==}
    engines: {node: '>= 20.19.0'}

  commander@15.0.0:
    resolution: {integrity: sha512-z67u4ZhzCL/Tydu1lJARtEZYWbWaN7oYLHbsuzocr6y4N6WZAagG3RQ4FW61V1/0+jImpj293XfrcYnd1qxtPg==}
    engines: {node: '>=22.12.0'}

  compare-versions@6.1.1:
    resolution: {integrity: sha512-4hm4VPpIecmlg59CHXnRDnqGplJFrbLG4aFEl5vl6cK1u76ws3LLvX7ikFnTDl5vo39sjWD6AaDPYodJp/NNHg==}

  cross-spawn@7.0.6:
    resolution: {integrity: sha512-uV2QOWP2nWzsy2aMp8aRibhi9dlzF5Hgh5SHaB9OiTGEyDTiJJyx0uy51QXdyWbtAHNua4XJzUKca3OzKUd3vA==}
    engines: {node: '>= 8'}

  esbuild@0.28.2:
    resolution: {integrity: sha512-HKVLS8dvII+xoKW9kmqxbRKrnWEXfJJr/FZhhJmiqIB0e053QNYFqOBouTMO/k5sID4MvCiUCvv8b9M4h32wIA==}
    engines: {node: '>=18'}
    hasBin: true

  esutils@2.0.3:
    resolution: {integrity: sha512-kVscqXk4OCp68SZ0dkgEKVi6/8ij300KBWTJq32P/dYeWTSwK41WyTxalN1eRmA5Z9UU/LX9D7FWSmV9SAYx6g==}
    engines: {node: '>=0.10.0'}

  execa@9.6.1:
    resolution: {integrity: sha512-9Be3ZoN4LmYR90tUoVu2te2BsbzHfhJyfEiAVfz7N5/zv+jduIfLrV2xdQXOHbaD6KgpGdO9PRPM1Y4Q9QkPkA==}
    engines: {node: ^18.19.0 || >=20.5.0}

  fast-deep-equal@3.1.3:
    resolution: {integrity: sha512-f3qQ9oQy9j2AhBe/H9VC91wLmKBCCU/gDOnKNAYG5hswO7BLKj09Hc5HYNz9cGI++xlpDCIgDaitVs03ATR84Q==}

  fast-uri@3.1.8:
    resolution: {integrity: sha512-GZMtZUTNRpOVIECoXwLNZS5xUGE+mVNbTB8h/7Rwh2TFWcBQiPzTgyZi05BF9UMZKkLJv8XBRJTlU7zg8+ZfMg==}

  fdir@6.5.0:
    resolution: {integrity: sha512-tIbYtZbucOs0BRGqPJkshJUYdL+SDH7dVM8gjy+ERp3WAUjLEFJE+02kanyHtwjWOnwrKYBiwAmM0p4kLJAnXg==}
    engines: {node: '>=12.0.0'}
    peerDependencies:
      picomatch: ^3 || ^4
    peerDependenciesMeta:
      picomatch:
        optional: true

  figures@6.1.0:
    resolution: {integrity: sha512-d+l3qxjSesT4V7v2fh+QnmFnUWv9lSpjarhShNTgBOfA0ttejbQUAlHLitbjkoRiDulW0OPoQPYIGhIC8ohejg==}
    engines: {node: '>=18'}

  fsevents@2.3.3:
    resolution: {integrity: sha512-5xoDfX+fL7faATnagmWPpbFtwh/R77WmMMqqHGS65C3vvB0YHrgF+B1YmZ3441tMj5n63k0212XNoJwzlhffQw==}
    engines: {node: ^8.16.0 || ^10.6.0 || >=11.0.0}
    os: [darwin]

  get-stream@9.0.1:
    resolution: {integrity: sha512-kVCxPF3vQM/N0B1PmoqVUqgHP+EeVjmZSQn+1oCRPxd2P21P2F19lIgbR3HBosbB1PUhOAoctJnfEn2GbN2eZA==}
    engines: {node: '>=18'}

  get-tsconfig@4.14.3:
    resolution: {integrity: sha512-++QEw4DIY7WGoukz+/+A/8dGYPT9l9yIadnmSgZ8Rjr3YVSVDipQSO9CdnJo9ePqFqUUqh+wk9uIaoiAwsiPkA==}

  human-signals@8.0.1:
    resolution: {integrity: sha512-eKCa6bwnJhvxj14kZk5NCPc6Hb6BdsU9DZcOnmQKSnO1VKrfV0zCvtttPZUsBvjmNDn8rpcJfpwSYnHBjc95MQ==}
    engines: {node: '>=18.18.0'}

  is-plain-obj@4.1.0:
    resolution: {integrity: sha512-+Pgi+vMuUNkJyExiMBt5IlFoMyKnr5zhJ4Uspz58WOhBF5QoIZkFyNHIbBAtHwzVAgk5RtndVNsDRN61/mmDqg==}
    engines: {node: '>=12'}

  is-stream@4.0.1:
    resolution: {integrity: sha512-Dnz92NInDqYckGEUJv689RbRiTSEHCQ7wOVeALbkOz999YpqT46yMRIGtSNl2iCL1waAZSx40+h59NV/EwzV/A==}
    engines: {node: '>=18'}

  is-unicode-supported@2.1.0:
    resolution: {integrity: sha512-mE00Gnza5EEB3Ds0HfMyllZzbBrmLOX3vfWoj9A9PEnTfratQ/BcaJOuMhnkhjXvb2+FkY3VuHqtAGpTPmglFQ==}
    engines: {node: '>=18'}

  isexe@2.0.0:
    resolution: {integrity: sha512-RHxMLp9lnKHGHRng9QFhRCMbYAcVpn69smSGcq3f36xjgVVWThj4qqLbTLlq7Ssj8B+fIQ1EuCEGI2lKsyQeIw==}

  jiti@2.7.0:
    resolution: {integrity: sha512-AC/7JofJvZGrrneWNaEnJeOLUx+JlGt7tNa0wZiRPT4MY1wmfKjt2+6O2p2uz2+skll8OZZmJMNqeke7kKbNgQ==}
    hasBin: true

  js-yaml@4.3.2:
    resolution: {integrity: sha512-SFNOvSJ+Dgf/9An904Yx+CgSlIPCkIpao4qo51lpee25TIRejdH3rhR4EZMGoNx3/TP3O+wzWuiTFl4sqbltzA==}
    hasBin: true

  jsesc@3.1.0:
    resolution: {integrity: sha512-/sM3dO2FOzXjKQhJuo0Q173wf2KOo8t4I8vHy6lF9poUp7bKT0/NHE8fPX23PwfhnykfqnC2xRxOnVw5XuGIaA==}
    engines: {node: '>=6'}
    hasBin: true

  json-schema-traverse@1.0.0:
    resolution: {integrity: sha512-NM8/P9n3XjXhIZn1lLhkFaACTOURQXjWhV4BA/RnOv8xvgqtqpAX9IO4mRQxSx1Rlo4tqzeqb0sOlruaOy3dug==}

  json5@2.2.3:
    resolution: {integrity: sha512-XmOWe7eyHYH14cLdVPoyg+GOH3rYX++KpzrylJwSW98t3Nk+U8XOl8FWKOgwtzdb8lXGf6zYwDUzeHMWfxasyg==}
    engines: {node: '>=6'}
    hasBin: true

  nanoid@5.1.16:
    resolution: {integrity: sha512-kVrnsrJqMR8+oLJnGEmSWw9BivK5mt7H3FZatVRjrc5wGqFYuBxX1yG7+A7Gi5AefkX6t/oCkizcQgpu0cY1dQ==}
    engines: {node: ^18 || >=20}
    hasBin: true

  npm-run-path@6.0.0:
    resolution: {integrity: sha512-9qny7Z9DsQU8Ou39ERsPU4OZQlSTP47ShQzuKZ6PRXpYLtIFgl/DEBYEXKlvcEa+9tHVcK8CF81Y2V72qaZhWA==}
    engines: {node: '>=18'}

  orval@8.38.0:
    resolution: {integrity: sha512-dsYh4smzI1PeRB2GY26xpL4j3Ss5h/ORI9gG8ueD3MtnoHY5KKLVMBc5UGi1tL+AEZLOLtG9JksUPwgWSdOv2g==}
    engines: {node: '>=22.18.0'}
    hasBin: true
    peerDependencies:
      prettier: '>=3.0.0'
      typedoc: ^0.28.19
      typedoc-plugin-markdown: ^4.10.0
    peerDependenciesMeta:
      prettier:
        optional: true
      typedoc:
        optional: true
      typedoc-plugin-markdown:
        optional: true

  parse-ms@4.0.0:
    resolution: {integrity: sha512-TXfryirbmq34y8QBwgqCVLi+8oA3oWx2eAnSn62ITyEhEYaWRlVZ2DvMM9eZbMs/RfxPu/PK/aBLyGj4IrqMHw==}
    engines: {node: '>=18'}

  path-key@3.1.1:
    resolution: {integrity: sha512-ojmeN0qd+y0jszEtoY48r0Peq5dwMEkIlCOu6Q5f41lfkswXuKtYrhgoTpLnyIcHm24Uhqx+5Tqm2InSwLhE6Q==}
    engines: {node: '>=8'}

  path-key@4.0.0:
    resolution: {integrity: sha512-haREypq7xkM7ErfgIyA0z+Bj4AGKlMSdlQE2jvJo6huWD1EdkKYV+G/T4nq0YEF2vgTT8kqMFKo1uHn950r4SQ==}
    engines: {node: '>=12'}

  pathe@2.0.3:
    resolution: {integrity: sha512-WUjGcAqP1gQacoQe+OBJsFA7Ld4DyXuUIjZ5cc75cLHvJ7dtNsTugphxIADwspS+AraAUePCKrSVtPLFj/F88w==}

  picomatch@4.0.7:
    resolution: {integrity: sha512-qcJu88Q2IWqJsDD529JKMdwGm/dvInW4HvQnRwiH9JtihJvzGOscDtHE3x1pBKeUOTysQ8kVmLnJ2kJu7yhcGA==}
    engines: {node: '>=12'}

  pretty-ms@9.3.1:
    resolution: {integrity: sha512-HzMy3Geq23nVALD/M2LliU+F+M+gVNsvkQWWqeBZ8HDiCgzo6YPJ/Omrmtq24EFrIsk0a3EkQGEd7bDOo+IhGA==}
    engines: {node: '>=18'}

  react@19.3.0:
    resolution: {integrity: sha512-E8LUcbtBWt20bbl2YoHfx4ZDBdxVTfOKtCZn9cDSJ4l6/nuoApcpIBcj47t2wZoVX8g2ZHuMHbiShgCR1T5Sog==}
    engines: {node: '>=0.10.0'}

  readdirp@5.1.1:
    resolution: {integrity: sha512-Kko+Y5XQ6fM+Ce3dq3m9YGxnacYZYl9cA1wZjaF3Vbry2L3i1qVg8+CAgNPsXRArPMUMCaOR7oa9Nqntc43JKA==}
    engines: {node: '>= 20.19.0'}

  require-from-string@2.0.2:
    resolution: {integrity: sha512-Xf0nWe6RseziFMu+Ap9biiUbmplq6S9/p+7w7YXP/JBHhrUDDUhwa+vANyubuqfZWTveU//DYVGsDG7RKL/vEw==}
    engines: {node: '>=0.10.0'}

  resolve-pkg-maps@1.0.0:
    resolution: {integrity: sha512-seS2Tj26TBVOC2NIc2rOe2y2ZO7efxITtLZcGSOnHHNOQ7CkiUBfw0Iw2ck6xkIhPwLhKNLS8BO+hEpngQlqzw==}

  shebang-command@2.0.0:
    resolution: {integrity: sha512-kHxr2zZpYtdmrN1qDjrrX/Z1rR1kG8Dx+gkpK1G4eXmvXswmcE1hTWBWYUzlraYw1/yZp6YuDY77YtvbN0dmDA==}
    engines: {node: '>=8'}

  shebang-regex@3.0.0:
    resolution: {integrity: sha512-7++dFhtcx3353uBaq8DDR4NuxBetBzC7ZQOhmTQInHEd6bSrXdiEyzCvG07Z44UYdLShWUyXt5M/yhz8ekcb1A==}
    engines: {node: '>=8'}

  signal-exit@4.1.0:
    resolution: {integrity: sha512-bzyZ1e88w9O1iNJbKnOlvYTrWPDl46O1bG0D3XInv+9tkPrxrN8jUUTiFlDkkmKWgn1M6CfIA13SuGqOa9Korw==}
    engines: {node: '>=14'}

  string-argv@0.3.2:
    resolution: {integrity: sha512-aqD2Q0144Z+/RqG52NeHEkZauTAUWJO8c6yTftGJKO3Tja5tUgIfmIl6kExvhtxSDP7fXB6DvzkfMpCd/F3G+Q==}
    engines: {node: '>=0.6.19'}

  strip-final-newline@4.0.0:
    resolution: {integrity: sha512-aulFJcD6YK8V1G7iRB5tigAP4TsHBZZrOV8pjV++zdUwmeV8uzbY7yn6h9MswN62adStNZFuCIx4haBnRuMDaw==}
    engines: {node: '>=18'}

  tagged-tag@1.0.0:
    resolution: {integrity: sha512-yEFYrVhod+hdNyx7g5Bnkkb0G6si8HJurOoOEgC8B/O0uXLHlaey/65KRv6cuWBNhBgHKAROVpc7QyYqE5gFng==}
    engines: {node: '>=20'}

  tinyglobby@0.2.17:
    resolution: {integrity: sha512-wXR/dYpcqKmfWpEdZjiKJOwCNFndD0DMnrW/cYjVGttEkBfVgcLFHoNrlj47mjOVic9yyNu65alsgF4NQyTa2g==}
    engines: {node: '>=12.0.0'}

  tsx@4.23.15:
    resolution: {integrity: sha512-Yiex1Ovn8z2xPpOWckIiysV1SSyRMY9BkLF++q0yKiDxCqRhosKfMg3janKkiLBwZ5c/YryloKwGZcrEmtwxKw==}
    engines: {node: '>=18.0.0'}
    hasBin: true

  type-fest@5.10.0:
    resolution: {integrity: sha512-NoSdpq/WEiAg5sjmBkmV/hfxv6HJH4NqPNrqjtSO5CwRmpsDfaf4begxW34KdJykH/l1yHtwBWQkCRdoXO8mPA==}
    engines: {node: '>=20'}

  typescript@5.9.3:
    resolution: {integrity: sha512-jl1vZzPDinLr9eUt3J/t7V6FgNEw9QjvBPdysz9KfQDD41fQrC2Y4vKQdiaUpFT4bXlb1RHhLpp8wtm6M5TgSw==}
    engines: {node: '>=14.17'}
    hasBin: true

  undici-types@8.9.0:
    resolution: {integrity: sha512-KTDyRTYX8sWmKXAikPHHSyc63CRPETMctyjKFupcC6OBLXT3xsN0e9aF7m+mIXutFWpUXuedtowG7iLOzp0kQg==}

  undici@7.29.0:
    resolution: {integrity: sha512-IDxfleLmmbSskfWSUATiN1nfn2rDuvnMOqb5CWR92iIfojA0Ud+ulOAAEQ57LPr9rWmsreUyf5lwyao+7GNNVw==}
    engines: {node: '>=20.18.1'}

  unicorn-magic@0.3.0:
    resolution: {integrity: sha512-+QBBXBCvifc56fsbuxZQ6Sic3wqqc3WWaqxs58gvJrcOuN83HGTCwz3oS5phzU9LthRNE9VrJCFCLUgHeeFnfA==}
    engines: {node: '>=18'}

  which@2.0.2:
    resolution: {integrity: sha512-BLI3Tl1TW3Pvl70l3yq3Y64i+awpwXqsGBYWkkqMtnbXgrMD+yj7rhW0kuEDxzJaYXGjEW5ogapKNMEKNMjibA==}
    engines: {node: '>= 8'}
    hasBin: true

  yaml@2.9.1:
    resolution: {integrity: sha512-3NxN8+78OdzbT7C/WjGsyfPAtJaN3FNDsWxv7Y7mcDsT/oOmgW8BpyQQFFBnvZE3j9Y2Sdz1ULFLezL7Eb2yFw==}
    engines: {node: '>= 14.6'}
    hasBin: true

  yoctocolors@2.2.0:
    resolution: {integrity: sha512-xYqdZFUK/VYazNl/oCDYN+3WloWQwMfZxBoiNt6qNyk+xfOdi598muWE42rNZFp1kNOiqW936q5RhUdnpqElSg==}
    engines: {node: '>=18'}

  zod@4.6.5:
    resolution: {integrity: sha512-v5l/aFXZQeai4awLbOpSoHecE9UiMrnfx75tEXLjNonXVARxQ5mOeipTjROUchszUNCqnE+hqAMujRsRHsut2Q==}

snapshots:

  '@commander-js/extra-typings@15.0.0(commander@15.0.0)':
    dependencies:
      commander: 15.0.0

  '@esbuild/aix-ppc64@0.28.2':
    optional: true

  '@esbuild/android-arm64@0.28.2':
    optional: true

  '@esbuild/android-arm@0.28.2':
    optional: true

  '@esbuild/android-x64@0.28.2':
    optional: true

  '@esbuild/darwin-arm64@0.28.2':
    optional: true

  '@esbuild/darwin-x64@0.28.2':
    optional: true

  '@esbuild/freebsd-arm64@0.28.2':
    optional: true

  '@esbuild/freebsd-x64@0.28.2':
    optional: true

  '@esbuild/linux-arm64@0.28.2':
    optional: true

  '@esbuild/linux-arm@0.28.2':
    optional: true

  '@esbuild/linux-ia32@0.28.2':
    optional: true

  '@esbuild/linux-loong64@0.28.2':
    optional: true

  '@esbuild/linux-mips64el@0.28.2':
    optional: true

  '@esbuild/linux-ppc64@0.28.2':
    optional: true

  '@esbuild/linux-riscv64@0.28.2':
    optional: true

  '@esbuild/linux-s390x@0.28.2':
    optional: true

  '@esbuild/linux-x64@0.28.2':
    optional: true

  '@esbuild/netbsd-arm64@0.28.2':
    optional: true

  '@esbuild/netbsd-x64@0.28.2':
    optional: true

  '@esbuild/openbsd-arm64@0.28.2':
    optional: true

  '@esbuild/openbsd-x64@0.28.2':
    optional: true

  '@esbuild/openharmony-arm64@0.28.2':
    optional: true

  '@esbuild/sunos-x64@0.28.2':
    optional: true

  '@esbuild/win32-arm64@0.28.2':
    optional: true

  '@esbuild/win32-ia32@0.28.2':
    optional: true

  '@esbuild/win32-x64@0.28.2':
    optional: true

  '@orval/angular@8.38.0':
    dependencies:
      '@orval/core': 8.38.0
    transitivePeerDependencies:
      - '@faker-js/faker'

  '@orval/axios@8.38.0':
    dependencies:
      '@orval/core': 8.38.0
    transitivePeerDependencies:
      - '@faker-js/faker'

  '@orval/core@8.38.0':
    dependencies:
      '@scalar/openapi-types': 0.9.7
      acorn: 8.18.0
      compare-versions: 6.1.1
      esbuild: 0.28.2
      esutils: 2.0.3
      jiti: 2.7.0
      jsesc: 3.1.0
      tinyglobby: 0.2.17

  '@orval/effect@8.38.0':
    dependencies:
      '@orval/core': 8.38.0
    transitivePeerDependencies:
      - '@faker-js/faker'

  '@orval/fetch@8.38.0':
    dependencies:
      '@orval/core': 8.38.0
    transitivePeerDependencies:
      - '@faker-js/faker'

  '@orval/hono@8.38.0(typescript@5.9.3)(zod@4.6.5)':
    dependencies:
      '@orval/core': 8.38.0
      '@orval/zod': 8.38.0(zod@4.6.5)
    optionalDependencies:
      typescript: 5.9.3
    transitivePeerDependencies:
      - '@faker-js/faker'
      - zod

  '@orval/mcp@8.38.0(zod@4.6.5)':
    dependencies:
      '@orval/core': 8.38.0
      '@orval/fetch': 8.38.0
      '@orval/zod': 8.38.0(zod@4.6.5)
    transitivePeerDependencies:
      - '@faker-js/faker'
      - zod

  '@orval/mock@8.38.0':
    dependencies:
      '@orval/core': 8.38.0

  '@orval/pinia-colada@8.38.0':
    dependencies:
      '@orval/axios': 8.38.0
      '@orval/core': 8.38.0
      '@orval/fetch': 8.38.0
    transitivePeerDependencies:
      - '@faker-js/faker'

  '@orval/query@8.38.0(@tanstack/react-query@5.103.3(react@19.3.0))':
    dependencies:
      '@orval/core': 8.38.0
      '@orval/fetch': 8.38.0
    optionalDependencies:
      '@tanstack/react-query': 5.103.3(react@19.3.0)
    transitivePeerDependencies:
      - '@faker-js/faker'

  '@orval/solid-start@8.38.0':
    dependencies:
      '@orval/core': 8.38.0
    transitivePeerDependencies:
      - '@faker-js/faker'

  '@orval/swr@8.38.0':
    dependencies:
      '@orval/core': 8.38.0
      '@orval/fetch': 8.38.0
    transitivePeerDependencies:
      - '@faker-js/faker'

  '@orval/zod@8.38.0(zod@4.6.5)':
    dependencies:
      '@orval/core': 8.38.0
      jsesc: 3.1.0
    optionalDependencies:
      zod: 4.6.5
    transitivePeerDependencies:
      - '@faker-js/faker'

  '@scalar/helpers@0.15.0': {}

  '@scalar/json-magic@0.15.2':
    dependencies:
      '@scalar/helpers': 0.15.0
      pathe: 2.0.3
      undici: 7.29.0
      yaml: 2.9.1

  '@scalar/json-schema-validator@0.1.6':
    dependencies:
      '@scalar/helpers': 0.15.0
      '@scalar/types': 0.22.1
      ajv: 8.20.0
      ajv-draft-04: 1.0.0(ajv@8.20.0)
      ajv-formats: 3.0.1(ajv@8.20.0)
      yaml: 2.9.1

  '@scalar/openapi-parser@0.29.7':
    dependencies:
      '@scalar/helpers': 0.15.0
      '@scalar/json-magic': 0.15.2
      '@scalar/openapi-types': 0.9.7
      '@scalar/openapi-upgrader': 0.4.0
      '@scalar/openapi-validator': 0.1.6
      '@scalar/types': 0.22.1
      yaml: 2.9.1

  '@scalar/openapi-types@0.9.7': {}

  '@scalar/openapi-upgrader@0.4.0':
    dependencies:
      '@scalar/helpers': 0.15.0
      '@scalar/openapi-types': 0.9.7

  '@scalar/openapi-validator@0.1.6':
    dependencies:
      '@scalar/helpers': 0.15.0
      '@scalar/json-schema-validator': 0.1.6
      '@scalar/types': 0.22.1
      yaml: 2.9.1

  '@scalar/types@0.22.1':
    dependencies:
      '@scalar/helpers': 0.15.0
      nanoid: 5.1.16
      type-fest: 5.10.0
      zod: 4.6.5

  '@sec-ant/readable-stream@0.4.1': {}

  '@sindresorhus/merge-streams@4.0.0': {}

  '@tanstack/query-core@5.103.3': {}

  '@tanstack/react-query@5.103.3(react@19.3.0)':
    dependencies:
      '@tanstack/query-core': 5.103.3
      react: 19.3.0

  '@types/node@26.6.3':
    dependencies:
      undici-types: 8.9.0

  acorn@8.18.0: {}

  ajv-draft-04@1.0.0(ajv@8.20.0):
    optionalDependencies:
      ajv: 8.20.0

  ajv-formats@3.0.1(ajv@8.20.0):
    optionalDependencies:
      ajv: 8.20.0

  ajv@8.20.0:
    dependencies:
      fast-deep-equal: 3.1.3
      fast-uri: 3.1.8
      json-schema-traverse: 1.0.0
      require-from-string: 2.0.2

  argparse@2.0.1: {}

  chokidar@5.0.0:
    dependencies:
      readdirp: 5.1.1

  commander@15.0.0: {}

  compare-versions@6.1.1: {}

  cross-spawn@7.0.6:
    dependencies:
      path-key: 3.1.1
      shebang-command: 2.0.0
      which: 2.0.2

  esbuild@0.28.2:
    optionalDependencies:
      '@esbuild/aix-ppc64': 0.28.2
      '@esbuild/android-arm': 0.28.2
      '@esbuild/android-arm64': 0.28.2
      '@esbuild/android-x64': 0.28.2
      '@esbuild/darwin-arm64': 0.28.2
      '@esbuild/darwin-x64': 0.28.2
      '@esbuild/freebsd-arm64': 0.28.2
      '@esbuild/freebsd-x64': 0.28.2
      '@esbuild/linux-arm': 0.28.2
      '@esbuild/linux-arm64': 0.28.2
      '@esbuild/linux-ia32': 0.28.2
      '@esbuild/linux-loong64': 0.28.2
      '@esbuild/linux-mips64el': 0.28.2
      '@esbuild/linux-ppc64': 0.28.2
      '@esbuild/linux-riscv64': 0.28.2
      '@esbuild/linux-s390x': 0.28.2
      '@esbuild/linux-x64': 0.28.2
      '@esbuild/netbsd-arm64': 0.28.2
      '@esbuild/netbsd-x64': 0.28.2
      '@esbuild/openbsd-arm64': 0.28.2
      '@esbuild/openbsd-x64': 0.28.2
      '@esbuild/openharmony-arm64': 0.28.2
      '@esbuild/sunos-x64': 0.28.2
      '@esbuild/win32-arm64': 0.28.2
      '@esbuild/win32-ia32': 0.28.2
      '@esbuild/win32-x64': 0.28.2

  esutils@2.0.3: {}

  execa@9.6.1:
    dependencies:
      '@sindresorhus/merge-streams': 4.0.0
      cross-spawn: 7.0.6
      figures: 6.1.0
      get-stream: 9.0.1
      human-signals: 8.0.1
      is-plain-obj: 4.1.0
      is-stream: 4.0.1
      npm-run-path: 6.0.0
      pretty-ms: 9.3.1
      signal-exit: 4.1.0
      strip-final-newline: 4.0.0
      yoctocolors: 2.2.0

  fast-deep-equal@3.1.3: {}

  fast-uri@3.1.8: {}

  fdir@6.5.0(picomatch@4.0.7):
    optionalDependencies:
      picomatch: 4.0.7

  figures@6.1.0:
    dependencies:
      is-unicode-supported: 2.1.0

  fsevents@2.3.3:
    optional: true

  get-stream@9.0.1:
    dependencies:
      '@sec-ant/readable-stream': 0.4.1
      is-stream: 4.0.1

  get-tsconfig@4.14.3:
    dependencies:
      resolve-pkg-maps: 1.0.0

  human-signals@8.0.1: {}

  is-plain-obj@4.1.0: {}

  is-stream@4.0.1: {}

  is-unicode-supported@2.1.0: {}

  isexe@2.0.0: {}

  jiti@2.7.0: {}

  js-yaml@4.3.2:
    dependencies:
      argparse: 2.0.1

  jsesc@3.1.0: {}

  json-schema-traverse@1.0.0: {}

  json5@2.2.3: {}

  nanoid@5.1.16: {}

  npm-run-path@6.0.0:
    dependencies:
      path-key: 4.0.0
      unicorn-magic: 0.3.0

  orval@8.38.0(@tanstack/react-query@5.103.3(react@19.3.0))(typescript@5.9.3)(zod@4.6.5):
    dependencies:
      '@commander-js/extra-typings': 15.0.0(commander@15.0.0)
      '@orval/angular': 8.38.0
      '@orval/axios': 8.38.0
      '@orval/core': 8.38.0
      '@orval/effect': 8.38.0
      '@orval/fetch': 8.38.0
      '@orval/hono': 8.38.0(typescript@5.9.3)(zod@4.6.5)
      '@orval/mcp': 8.38.0(zod@4.6.5)
      '@orval/mock': 8.38.0
      '@orval/pinia-colada': 8.38.0
      '@orval/query': 8.38.0(@tanstack/react-query@5.103.3(react@19.3.0))
      '@orval/solid-start': 8.38.0
      '@orval/swr': 8.38.0
      '@orval/zod': 8.38.0(zod@4.6.5)
      '@scalar/json-magic': 0.15.2
      '@scalar/openapi-parser': 0.29.7
      '@scalar/openapi-types': 0.9.7
      chokidar: 5.0.0
      commander: 15.0.0
      execa: 9.6.1
      get-tsconfig: 4.14.3
      jiti: 2.7.0
      js-yaml: 4.3.2
      json5: 2.2.3
      string-argv: 0.3.2
    transitivePeerDependencies:
      - '@faker-js/faker'
      - '@modelcontextprotocol/sdk'
      - '@pinia/colada'
      - '@tanstack/angular-query-experimental'
      - '@tanstack/react-query'
      - '@tanstack/solid-query'
      - '@tanstack/svelte-query'
      - '@tanstack/vue-query'
      - effect
      - msw
      - swr
      - typescript
      - zod

  parse-ms@4.0.0: {}

  path-key@3.1.1: {}

  path-key@4.0.0: {}

  pathe@2.0.3: {}

  picomatch@4.0.7: {}

  pretty-ms@9.3.1:
    dependencies:
      parse-ms: 4.0.0

  react@19.3.0: {}

  readdirp@5.1.1: {}

  require-from-string@2.0.2: {}

  resolve-pkg-maps@1.0.0: {}

  shebang-command@2.0.0:
    dependencies:
      shebang-regex: 3.0.0

  shebang-regex@3.0.0: {}

  signal-exit@4.1.0: {}

  string-argv@0.3.2: {}

  strip-final-newline@4.0.0: {}

  tagged-tag@1.0.0: {}

  tinyglobby@0.2.17:
    dependencies:
      fdir: 6.5.0(picomatch@4.0.7)
      picomatch: 4.0.7

  tsx@4.23.15:
    dependencies:
      esbuild: 0.28.2
    optionalDependencies:
      fsevents: 2.3.3

  type-fest@5.10.0:
    dependencies:
      tagged-tag: 1.0.0

  typescript@5.9.3: {}

  undici-types@8.9.0: {}

  undici@7.29.0: {}

  unicorn-magic@0.3.0: {}

  which@2.0.2:
    dependencies:
      isexe: 2.0.0

  yaml@2.9.1: {}

  yoctocolors@2.2.0: {}

  zod@4.6.5: {}
